// !$*UTF8*$!
{
	archiveVersion = 1;
	classes = {
	};
	objectVersion = 50;
	objects = {

/* Begin PBXBuildFile section */
		309812F74151413DB209CF85 /* libPods-SocketIODemon.a in Frameworks */ = {isa = PBXBuildFile; fileRef = 319A950290FA1EDDD7F683D7 /* libPods-SocketIODemon.a */; };
		C46E35BA25E3A36200459782 /* AppDelegate.swift in Sources */ = {isa = PBXBuildFile; fileRef = C46E35B925E3A36200459782 /* AppDelegate.swift */; };
		C46E35BC25E3A36200459782 /* SceneDelegate.swift in Sources */ = {isa = PBXBuildFile; fileRef = C46E35BB25E3A36200459782 /* SceneDelegate.swift */; };
		C46E35BE25E3A36200459782 /* ViewController.swift in Sources */ = {isa = PBXBuildFile; fileRef = C46E35BD25E3A36200459782 /* ViewController.swift */; };
		C46E35C125E3A36200459782 /* Main.storyboard in Resources */ = {isa = PBXBuildFile; fileRef = C46E35BF25E3A36200459782 /* Main.storyboard */; };
		C46E35C325E3A36300459782 /* Assets.xcassets in Resources */ = {isa = PBXBuildFile; fileRef = C46E35C225E3A36300459782 /* Assets.xcassets */; };
		C46E35C625E3A36300459782 /* LaunchScreen.storyboard in Resources */ = {isa = PBXBuildFile; fileRef = C46E35C425E3A36300459782 /* LaunchScreen.storyboard */; };
		C46E365525E3AFCA00459782 /* SocketService.swift in Sources */ = {isa = PBXBuildFile; fileRef = C46E365425E3AFCA00459782 /* SocketService.swift */; };
		C46E365E25E3B91400459782 /* SocketService+Send.swift in Sources */ = {isa = PBXBuildFile; fileRef = C46E365D25E3B91400459782 /* SocketService+Send.swift */; };
		C46E366125E3B97500459782 /* SocketService+Receive.swift in Sources */ = {isa = PBXBuildFile; fileRef = C46E366025E3B97500459782 /* SocketService+Receive.swift */; };
/* End PBXBuildFile section */

/* Begin PBXFileReference section */
		2B0793A87CC6F5715B62B9DC /* Pods-SocketIODemon.release.xcconfig */ = {isa = PBXFileReference; includeInIndex = 1; lastKnownFileType = text.xcconfig; name = "Pods-SocketIODemon.release.xcconfig"; path = "Target Support Files/Pods-SocketIODemon/Pods-SocketIODemon.release.xcconfig"; sourceTree = "<group>"; };
		319A950290FA1EDDD7F683D7 /* libPods-SocketIODemon.a */ = {isa = PBXFileReference; explicitFileType = archive.ar; includeInIndex = 0; path = "libPods-SocketIODemon.a"; sourceTree = BUILT_PRODUCTS_DIR; };
		C46E35B625E3A36200459782 /* SocketIODemon.app */ = {isa = PBXFileReference; explicitFileType = wrapper.application; includeInIndex = 0; path = SocketIODemon.app; sourceTree = BUILT_PRODUCTS_DIR; };
		C46E35B925E3A36200459782 /* AppDelegate.swift */ = {isa = PBXFileReference; lastKnownFileType = sourcecode.swift; path = AppDelegate.swift; sourceTree = "<group>"; };
		C46E35BB25E3A36200459782 /* SceneDelegate.swift */ = {isa = PBXFileReference; lastKnownFileType = sourcecode.swift; path = SceneDelegate.swift; sourceTree = "<group>"; };
		C46E35BD25E3A36200459782 /* ViewController.swift */ = {isa = PBXFileReference; lastKnownFileType = sourcecode.swift; path = ViewController.swift; sourceTree = "<group>"; };
		C46E35C025E3A36200459782 /* Base */ = {isa = PBXFileReference; lastKnownFileType = file.storyboard; name = Base; path = Base.lproj/Main.storyboard; sourceTree = "<group>"; };
		C46E35C225E3A36300459782 /* Assets.xcassets */ = {isa = PBXFileReference; lastKnownFileType = folder.assetcatalog; path = Assets.xcassets; sourceTree = "<group>"; };
		C46E35C525E3A36300459782 /* Base */ = {isa = PBXFileReference; lastKnownFileType = file.storyboard; name = Base; path = Base.lproj/LaunchScreen.storyboard; sourceTree = "<group>"; };
		C46E35C725E3A36300459782 /* Info.plist */ = {isa = PBXFileReference; lastKnownFileType = text.plist.xml; path = Info.plist; sourceTree = "<group>"; };
		C46E365425E3AFCA00459782 /* SocketService.swift */ = {isa = PBXFileReference; lastKnownFileType = sourcecode.swift; path = SocketService.swift; sourceTree = "<group>"; };
		C46E365D25E3B91400459782 /* SocketService+Send.swift */ = {isa = PBXFileReference; fileEncoding = 4; lastKnownFileType = sourcecode.swift; path = "SocketService+Send.swift"; sourceTree = "<group>"; };
		C46E366025E3B97500459782 /* SocketService+Receive.swift */ = {isa = PBXFileReference; fileEncoding = 4; lastKnownFileType = sourcecode.swift; path = "SocketService+Receive.swift"; sourceTree = "<group>"; };
		EEC347EE326D87D3D901403C /* Pods-SocketIODemon.debug.xcconfig */ = {isa = PBXFileReference; includeInIndex = 1; lastKnownFileType = text.xcconfig; name = "Pods-SocketIODemon.debug.xcconfig"; path = "Target Support Files/Pods-SocketIODemon/Pods-SocketIODemon.debug.xcconfig"; sourceTree = "<group>"; };
/* End PBXFileReference section */

/* Begin PBXFrameworksBuildPhase section */
		C46E35B325E3A36200459782 /* Frameworks */ = {
			isa = PBXFrameworksBuildPhase;
			buildActionMask = 2147483647;
			files = (
				309812F74151413DB209CF85 /* libPods-SocketIODemon.a in Frameworks */,
			);
			runOnlyForDeploymentPostprocessing = 0;
		};
/* End PBXFrameworksBuildPhase section */

/* Begin PBXGroup section */
		61D617F552C7C002E19D4F75 /* Frameworks */ = {
			isa = PBXGroup;
			children = (
				319A950290FA1EDDD7F683D7 /* libPods-SocketIODemon.a */,
			);
			name = Frameworks;
			sourceTree = "<group>";
		};
		C46E35AD25E3A36200459782 = {
			isa = PBXGroup;
			children = (
				C46E35B825E3A36200459782 /* SocketIODemon */,
				C46E35B725E3A36200459782 /* Products */,
				D71114113333E1CCDC5695AA /* Pods */,
				61D617F552C7C002E19D4F75 /* Frameworks */,
			);
			sourceTree = "<group>";
		};
		C46E35B725E3A36200459782 /* Products */ = {
			isa = PBXGroup;
			children = (
				C46E35B625E3A36200459782 /* SocketIODemon.app */,
			);
			name = Products;
			sourceTree = "<group>";
		};
		C46E35B825E3A36200459782 /* SocketIODemon */ = {
			isa = PBXGroup;
			children = (
				C46E35B925E3A36200459782 /* AppDelegate.swift */,
				C46E35BB25E3A36200459782 /* SceneDelegate.swift */,
				C46E35BD25E3A36200459782 /* ViewController.swift */,
				C46E365425E3AFCA00459782 /* SocketService.swift */,
				C46E365D25E3B91400459782 /* SocketService+Send.swift */,
				C46E366025E3B97500459782 /* SocketService+Receive.swift */,
				C46E35BF25E3A36200459782 /* Main.storyboard */,
				C46E35C225E3A36300459782 /* Assets.xcassets */,
				C46E35C425E3A36300459782 /* LaunchScreen.storyboard */,
				C46E35C725E3A36300459782 /* Info.plist */,
			);
			path = SocketIODemon;
			sourceTree = "<group>";
		};
		D71114113333E1CCDC5695AA /* Pods */ = {
			isa = PBXGroup;
			children = (
				EEC347EE326D87D3D901403C /* Pods-SocketIODemon.debug.xcconfig */,
				2B0793A87CC6F5715B62B9DC /* Pods-SocketIODemon.release.xcconfig */,
			);
			path = Pods;
			sourceTree = "<group>";
		};
/* End PBXGroup section */

/* Begin PBXNativeTarget section */
		C46E35B525E3A36200459782 /* SocketIODemon */ = {
			isa = PBXNativeTarget;
			buildConfigurationList = C46E35CA25E3A36300459782 /* Build configuration list for PBXNativeTarget "SocketIODemon" */;
			buildPhases = (
				AF407D3974C482853FFAFBE1 /* [CP] Check Pods Manifest.lock */,
				C46E35B225E3A36200459782 /* Sources */,
				C46E35B325E3A36200459782 /* Frameworks */,
				C46E35B425E3A36200459782 /* Resources */,
			);
			buildRules = (
			);
			dependencies = (
			);
			name = SocketIODemon;
			productName = SocketIODemon;
			productReference = C46E35B625E3A36200459782 /* SocketIODemon.app */;
			productType = "com.apple.product-type.application";
		};
/* End PBXNativeTarget section */

/* Begin PBXProject section */
		C46E35AE25E3A36200459782 /* Project object */ = {
			isa = PBXProject;
			attributes = {
				LastSwiftUpdateCheck = 1240;
				LastUpgradeCheck = 1240;
				TargetAttributes = {
					C46E35B525E3A36200459782 = {
						CreatedOnToolsVersion = 12.4;
					};
				};
			};
			buildConfigurationList = C46E35B125E3A36200459782 /* Build configuration list for PBXProject "SocketIODemon" */;
			compatibilityVersion = "Xcode 9.3";
			developmentRegion = en;
			hasScannedForEncodings = 0;
			knownRegions = (
				en,
				Base,
			);
			mainGroup = C46E35AD25E3A36200459782;
			productRefGroup = C46E35B725E3A36200459782 /* Products */;
			projectDirPath = "";
			projectRoot = "";
			targets = (
				C46E35B525E3A36200459782 /* SocketIODemon */,
			);
		};
/* End PBXProject section */

/* Begin PBXResourcesBuildPhase section */
		C46E35B425E3A36200459782 /* Resources */ = {
			isa = PBXResourcesBuildPhase;
			buildActionMask = 2147483647;
			files = (
				C46E35C625E3A36300459782 /* LaunchScreen.storyboard in Resources */,
				C46E35C325E3A36300459782 /* Assets.xcassets in Resources */,
				C46E35C125E3A36200459782 /* Main.storyboard in Resources */,
			);
			runOnlyForDeploymentPostprocessing = 0;
		};
/* End PBXResourcesBuildPhase section */

/* Begin PBXShellScriptBuildPhase section */
		AF407D3974C482853FFAFBE1 /* [CP] Check Pods Manifest.lock */ = {
			isa = PBXShellScriptBuildPhase;
			buildActionMask = 2147483647;
			files = (
			);
			inputFileListPaths = (
			);
			inputPaths = (
				"${PODS_PODFILE_DIR_PATH}/Podfile.lock",
				"${PODS_ROOT}/Manifest.lock",
			);
			name = "[CP] Check Pods Manifest.lock";
			outputFileListPaths = (
			);
			outputPaths = (
				"$(DERIVED_FILE_DIR)/Pods-SocketIODemon-checkManifestLockResult.txt",
			);
			runOnlyForDeploymentPostprocessing = 0;
			shellPath = /bin/sh;
			shellScript = "diff \"${PODS_PODFILE_DIR_PATH}/Podfile.lock\" \"${PODS_ROOT}/Manifest.lock\" > /dev/null\nif [ $? != 0 ] ; then\n    # print error to STDERR\n    echo \"error: The sandbox is not in sync with the Podfile.lock. Run 'pod install' or update your CocoaPods installation.\" >&2\n    exit 1\nfi\n# This output is used by Xcode 'outputs' to avoid re-running this script phase.\necho \"SUCCESS\" > \"${SCRIPT_OUTPUT_FILE_0}\"\n";
			showEnvVarsInLog = 0;
		};
/* End PBXShellScriptBuildPhase section */

/* Begin PBXSourcesBuildPhase section */
		C46E35B225E3A36200459782 /* Sources */ = {
			isa = PBXSourcesBuildPhase;
			buildActionMask = 2147483647;
			files = (
				C46E35BE25E3A36200459782 /* ViewController.swift in Sources */,
				C46E35BA25E3A36200459782 /* AppDelegate.swift in Sources */,
				C46E366125E3B97500459782 /* SocketService+Receive.swift in Sources */,
				C46E365525E3AFCA00459782 /* SocketService.swift in Sources */,
				C46E35BC25E3A36200459782 /* SceneDelegate.swift in Sources */,
				C46E365E25E3B91400459782 /* SocketService+Send.swift in Sources */,
			);
			runOnlyForDeploymentPostprocessing = 0;
		};
/* End PBXSourcesBuildPhase section */

/* Begin PBXVariantGroup section */
		C46E35BF25E3A36200459782 /* Main.storyboard */ = {
			isa = PBXVariantGroup;
			children = (
				C46E35C025E3A36200459782 /* Base */,
			);
			name = Main.storyboard;
			sourceTree = "<group>";
		};
		C46E35C425E3A36300459782 /* LaunchScreen.storyboard */ = {
			isa = PBXVariantGroup;
			children = (
				C46E35C525E3A36300459782 /* Base */,
			);
			name = LaunchScreen.storyboard;
			sourceTree = "<group>";
		};
/* End PBXVariantGroup section */

/* Begin XCBuildConfiguration section */
		C46E35C825E3A36300459782 /* Debug */ = {
			isa = XCBuildConfiguration;
			buildSettings = {
				ALWAYS_SEARCH_USER_PATHS = NO;
				CLANG_ANALYZER_NONNULL = YES;
				CLANG_ANALYZER_NUMBER_OBJECT_CONVERSION = YES_AGGRESSIVE;
				CLANG_CXX_LANGUAGE_STANDARD = "gnu++14";
				CLANG_CXX_LIBRARY = "libc++";
				CLANG_ENABLE_MODULES = YES;
				CLANG_ENABLE_OBJC_ARC = YES;
				CLANG_ENABLE_OBJC_WEAK = YES;
				CLANG_WARN_BLOCK_CAPTURE_AUTORELEASING = YES;
				CLANG_WARN_BOOL_CONVERSION = YES;
				CLANG_WARN_COMMA = YES;
				CLANG_WARN_CONSTANT_CONVERSION = YES;
				CLANG_WARN_DEPRECATED_OBJC_IMPLEMENTATIONS = YES;
				CLANG_WARN_DIRECT_OBJC_ISA_USAGE = YES_ERROR;
				CLANG_WARN_DOCUMENTATION_COMMENTS = YES;
				CLANG_WARN_EMPTY_BODY = YES;
				CLANG_WARN_ENUM_CONVERSION = YES;
				CLANG_WARN_INFINITE_RECURSION = YES;
				CLANG_WARN_INT_CONVERSION = YES;
				CLANG_WARN_NON_LITERAL_NULL_CONVERSION = YES;
				CLANG_WARN_OBJC_IMPLICIT_RETAIN_SELF = YES;
				CLANG_WARN_OBJC_LITERAL_CONVERSION = YES;
				CLANG_WARN_OBJC_ROOT_CLASS = YES_ERROR;
				CLANG_WARN_QUOTED_INCLUDE_IN_FRAMEWORK_HEADER = YES;
				CLANG_WARN_RANGE_LOOP_ANALYSIS = YES;
				CLANG_WARN_STRICT_PROTOTYPES = YES;
				CLANG_WARN_SUSPICIOUS_MOVE = YES;
				CLANG_WARN_UNGUARDED_AVAILABILITY = YES_AGGRESSIVE;
				CLANG_WARN_UNREACHABLE_CODE = YES;
				CLANG_WARN__DUPLICATE_METHOD_MATCH = YES;
				COPY_PHASE_STRIP = NO;
				DEBUG_INFORMATION_FORMAT = dwarf;
				ENABLE_STRICT_OBJC_MSGSEND = YES;
				ENABLE_TESTABILITY = YES;
				GCC_C_LANGUAGE_STANDARD = gnu11;
				GCC_DYNAMIC_NO_PIC = NO;
				GCC_NO_COMMON_BLOCKS = YES;
				GCC_OPTIMIZATION_LEVEL = 0;
				GCC_PREPROCESSOR_DEFINITIONS = (
					"DEBUG=1",
					"$(inherited)",
				);
				GCC_WARN_64_TO_32_BIT_CONVERSION = YES;
				GCC_WARN_ABOUT_RETURN_TYPE = YES_ERROR;
				GCC_WARN_UNDECLARED_SELECTOR = YES;
				GCC_WARN_UNINITIALIZED_AUTOS = YES_AGGRESSIVE;
				GCC_WARN_UNUSED_FUNCTION = YES;
				GCC_WARN_UNUSED_VARIABLE = YES;
				IPHONEOS_DEPLOYMENT_TARGET = 14.4;
				MTL_ENABLE_DEBUG_INFO = INCLUDE_SOURCE;
				MTL_FAST_MATH = YES;
				ONLY_ACTIVE_ARCH = YES;
				SDKROOT = iphoneos;
				SWIFT_ACTIVE_COMPILATION_CONDITIONS = DEBUG;
				SWIFT_OPTIMIZATION_LEVEL = "-Onone";
			};
			name = Debug;
		};
		C46E35C925E3A36300459782 /* Release */ = {
			isa = XCBuildConfiguration;
			buildSettings = {
				ALWAYS_SEARCH_USER_PATHS = NO;
				CLANG_ANALYZER_NONNULL = YES;
				CLANG_ANALYZER_NUMBER_OBJECT_CONVERSION = YES_AGGRESSIVE;
				CLANG_CXX_LANGUAGE_STANDARD = "gnu++14";
				CLANG_CXX_LIBRARY = "libc++";
				CLANG_ENABLE_MODULES = YES;
				CLANG_ENABLE_OBJC_ARC = YES;
				CLANG_ENABLE_OBJC_WEAK = YES;
				CLANG_WARN_BLOCK_CAPTURE_AUTORELEASING = YES;
				CLANG_WARN_BOOL_CONVERSION = YES;
				CLANG_WARN_COMMA = YES;
				CLANG_WARN_CONSTANT_CONVERSION = YES;
				CLANG_WARN_DEPRECATED_OBJC_IMPLEMENTATIONS = YES;
				CLANG_WARN_DIRECT_OBJC_ISA_USAGE = YES_ERROR;
				CLANG_WARN_DOCUMENTATION_COMMENTS = YES;
				CLANG_WARN_EMPTY_BODY = YES;
				CLANG_WARN_ENUM_CONVERSION = YES;
				CLANG_WARN_INFINITE_RECURSION = YES;
				CLANG_WARN_INT_CONVERSION = YES;
				CLANG_WARN_NON_LITERAL_NULL_CONVERSION = YES;
				CLANG_WARN_OBJC_IMPLICIT_RETAIN_SELF = YES;
				CLANG_WARN_OBJC_LITERAL_CONVERSION = YES;
				CLANG_WARN_OBJC_ROOT_CLASS = YES_ERROR;
				CLANG_WARN_QUOTED_INCLUDE_IN_FRAMEWORK_HEADER = YES;
				CLANG_WARN_RANGE_LOOP_ANALYSIS = YES;
				CLANG_WARN_STRICT_PROTOTYPES = YES;
				CLANG_WARN_SUSPICIOUS_MOVE = YES;
				CLANG_WARN_UNGUARDED_AVAILABILITY = YES_AGGRESSIVE;
				CLANG_WARN_UNREACHABLE_CODE = YES;
				CLANG_WARN__DUPLICATE_METHOD_MATCH = YES;
				COPY_PHASE_STRIP = NO;
				DEBUG_INFORMATION_FORMAT = "dwarf-with-dsym";
				ENABLE_NS_ASSERTIONS = NO;
				ENABLE_STRICT_OBJC_MSGSEND = YES;
				GCC_C_LANGUAGE_STANDARD = gnu11;
				GCC_NO_COMMON_BLOCKS = YES;
				GCC_WARN_64_TO_32_BIT_CONVERSION = YES;
				GCC_WARN_ABOUT_RETURN_TYPE = YES_ERROR;
				GCC_WARN_UNDECLARED_SELECTOR = YES;
				GCC_WARN_UNINITIALIZED_AUTOS = YES_AGGRESSIVE;
				GCC_WARN_UNUSED_FUNCTION = YES;
				GCC_WARN_UNUSED_VARIABLE = YES;
				IPHONEOS_DEPLOYMENT_TARGET = 14.4;
				MTL_ENABLE_DEBUG_INFO = NO;
				MTL_FAST_MATH = YES;
				SDKROOT = iphoneos;
				SWIFT_COMPILATION_MODE = wholemodule;
				SWIFT_OPTIMIZATION_LEVEL = "-O";
				VALIDATE_PRODUCT = YES;
			};
			name = Release;
		};
		C46E35CB25E3A36300459782 /* Debug */ = {
			isa = XCBuildConfiguration;
			baseConfigurationReference = EEC347EE326D87D3D901403C /* Pods-SocketIODemon.debug.xcconfig */;
			buildSettings = {
				ASSETCATALOG_COMPILER_APPICON_NAME = AppIcon;
				ASSETCATALOG_COMPILER_GLOBAL_ACCENT_COLOR_NAME = AccentColor;
				CODE_SIGN_STYLE = Automatic;
				DEVELOPMENT_TEAM = P434QUZTFY;
				INFOPLIST_FILE = SocketIODemon/Info.plist;
				IPHONEOS_DEPLOYMENT_TARGET = 13.0;
				LD_RUNPATH_SEARCH_PATHS = (
					"$(inherited)",
					"@executable_path/Frameworks",
				);
				PRODUCT_BUNDLE_IDENTIFIER = LLProject.SocketIODemon;
				PRODUCT_NAME = "$(TARGET_NAME)";
				SWIFT_VERSION = 5.0;
				TARGETED_DEVICE_FAMILY = "1,2";
			};
			name = Debug;
		};
		C46E35CC25E3A36300459782 /* Release */ = {
			isa = XCBuildConfiguration;
			baseConfigurationReference = 2B0793A87CC6F5715B62B9DC /* Pods-SocketIODemon.release.xcconfig */;
			buildSettings = {
				ASSETCATALOG_COMPILER_APPICON_NAME = AppIcon;
				ASSETCATALOG_COMPILER_GLOBAL_ACCENT_COLOR_NAME = AccentColor;
				CODE_SIGN_STYLE = Automatic;
				DEVELOPMENT_TEAM = P434QUZTFY;
				INFOPLIST_FILE = SocketIODemon/Info.plist;
				IPHONEOS_DEPLOYMENT_TARGET = 13.0;
				LD_RUNPATH_SEARCH_PATHS = (
					"$(inherited)",
					"@executable_path/Frameworks",
				);
				PRODUCT_BUNDLE_IDENTIFIER = LLProject.SocketIODemon;
				PRODUCT_NAME = "$(TARGET_NAME)";
				SWIFT_VERSION = 5.0;
				TARGETED_DEVICE_FAMILY = "1,2";
			};
			name = Release;
		};
/* End XCBuildConfiguration section */

/* Begin XCConfigurationList section */
		C46E35B125E3A36200459782 /* Build configuration list for PBXProject "SocketIODemon" */ = {
			isa = XCConfigurationList;
			buildConfigurations = (
				C46E35C825E3A36300459782 /* Debug */,
				C46E35C925E3A36300459782 /* Release */,
			);
			defaultConfigurationIsVisible = 0;
			defaultConfigurationName = Release;
		};
		C46E35CA25E3A36300459782 /* Build configuration list for PBXNativeTarget "SocketIODemon" */ = {
			isa = XCConfigurationList;
			buildConfigurations = (
				C46E35CB25E3A36300459782 /* Debug */,
				C46E35CC25E3A36300459782 /* Release */,
			);
			defaultConfigurationIsVisible = 0;
			defaultConfigurationName = Release;
		};
/* End XCConfigurationList section */
	};
	rootObject = C46E35AE25E3A36200459782 /* Project object */;
}
